
Microsoft Visual Studio Solution File, Format Version 12.00
# Visual Studio Version 17
VisualStudioVersion = 17.10.35013.160
MinimumVisualStudioVersion = 10.0.40219.1
Project("{FAE04EC0-301F-11D3-BF4B-00C04F79EFBC}") = "url-shortener-server", "url-shortener-server.csproj", "{AB416E88-4579-4F99-9D82-EC195A2BB831}"
EndProject
Global
	GlobalSection(SolutionConfigurationPlatforms) = preSolution
		Debug|Any CPU = Debug|Any CPU
		Release|Any CPU = Release|Any CPU
	EndGlobalSection
	GlobalSection(ProjectConfigurationPlatforms) = postSolution
		{AB416E88-4579-4F99-9D82-EC195A2BB831}.Debug|Any CPU.ActiveCfg = Debug|Any CPU
		{AB416E88-4579-4F99-9D82-EC195A2BB831}.Debug|Any CPU.Build.0 = Debug|Any CPU
		{AB416E88-4579-4F99-9D82-EC195A2BB831}.Release|Any CPU.ActiveCfg = Release|Any CPU
		{AB416E88-4579-4F99-9D82-EC195A2BB831}.Release|Any CPU.Build.0 = Release|Any CPU
	EndGlobalSection
	GlobalSection(SolutionProperties) = preSolution
		HideSolutionNode = FALSE
	EndGlobalSection
	GlobalSection(ExtensibilityGlobals) = postSolution
		SolutionGuid = {CEC360EB-EC36-4A31-8DB6-AD7DFB0DAABB}
	EndGlobalSection
EndGlobal
